{
  "name": "@mockoon/commons",
  "version": "9.3.0",
  "lockfileVersion": 3,
  "requires": true,
  "packages": {
    "": {
      "name": "@mockoon/commons",
      "version": "9.3.0",
      "license": "MIT",
      "dependencies": {
        "@scalar/openapi-parser": "0.20.1",
        "joi": "17.13.3",
        "tslib": "2.8.1"
      },
      "devDependencies": {
        "@types/node": "24.0.1",
        "openapi-types": "12.1.3",
        "typescript": "5.8.3"
      },
      "funding": {
        "url": "https://mockoon.com/sponsor-us/"
      }
    },
    "node_modules/@babel/helper-string-parser": {
      "version": "7.27.1",
      "resolved": "https://registry.npmjs.org/@babel/helper-string-parser/-/helper-string-parser-7.27.1.tgz",
      "integrity": "sha512-qMlSxKbpRlAridDExk92nSobyDdpPijUq2DW6oDnUqd0iOGxmQjyqhMIihI9+zv4LPyZdRje2cavWPbCbWm3eA==",
      "license": "MIT",
      "engines": {
        "node": ">=6.9.0"
      }
    },
    "node_modules/@babel/helper-validator-identifier": {
      "version": "7.27.1",
      "resolved": "https://registry.npmjs.org/@babel/helper-validator-identifier/-/helper-validator-identifier-7.27.1.tgz",
      "integrity": "sha512-D2hP9eA+Sqx1kBZgzxZh0y1trbuU+JoDkiEwqhQ36nodYqJwyEIhPSdMNd7lOm/4io72luTPWH20Yda0xOuUow==",
      "license": "MIT",
      "engines": {
        "node": ">=6.9.0"
      }
    },
    "node_modules/@babel/parser": {
      "version": "7.28.3",
      "resolved": "https://registry.npmjs.org/@babel/parser/-/parser-7.28.3.tgz",
      "integrity": "sha512-7+Ey1mAgYqFAx2h0RuoxcQT5+MlG3GTV0TQrgr7/ZliKsm/MNDxVVutlWaziMq7wJNAz8MTqz55XLpWvva6StA==",
      "license": "MIT",
      "dependencies": {
        "@babel/types": "^7.28.2"
      },
      "bin": {
        "parser": "bin/babel-parser.js"
      },
      "engines": {
        "node": ">=6.0.0"
      }
    },
    "node_modules/@babel/types": {
      "version": "7.28.2",
      "resolved": "https://registry.npmjs.org/@babel/types/-/types-7.28.2.tgz",
      "integrity": "sha512-ruv7Ae4J5dUYULmeXw1gmb7rYRz57OWCPM57pHojnLq/3Z1CK2lNSLTCVjxVk1F/TZHwOZZrOWi0ur95BbLxNQ==",
      "license": "MIT",
      "dependencies": {
        "@babel/helper-string-parser": "^7.27.1",
        "@babel/helper-validator-identifier": "^7.27.1"
      },
      "engines": {
        "node": ">=6.9.0"
      }
    },
    "node_modules/@hapi/hoek": {
      "version": "9.3.0",
      "resolved": "https://registry.npmjs.org/@hapi/hoek/-/hoek-9.3.0.tgz",
      "integrity": "sha512-/c6rf4UJlmHlC9b5BaNvzAcFv7HZ2QHaV0D4/HNlBdvFnvQq8RI4kYdhyPCl7Xj+oWvTWQ8ujhqS53LIgAe6KQ=="
    },
    "node_modules/@hapi/topo": {
      "version": "5.1.0",
      "resolved": "https://registry.npmjs.org/@hapi/topo/-/topo-5.1.0.tgz",
      "integrity": "sha512-foQZKJig7Ob0BMAYBfcJk8d77QtOe7Wo4ox7ff1lQYoNNAb6jwcY1ncdoy2e9wQZzvNy7ODZCYJkK8kzmcAnAg==",
      "dependencies": {
        "@hapi/hoek": "^9.0.0"
      }
    },
    "node_modules/@jridgewell/sourcemap-codec": {
      "version": "1.5.5",
      "resolved": "https://registry.npmjs.org/@jridgewell/sourcemap-codec/-/sourcemap-codec-1.5.5.tgz",
      "integrity": "sha512-cYQ9310grqxueWbl+WuIUIaiUaDcj7WOq5fVhEljNVgRfOUhY9fy2zTvfoqWsnebh8Sl70VScFbICvJnLKB0Og==",
      "license": "MIT"
    },
    "node_modules/@scalar/helpers": {
      "version": "0.0.8",
      "resolved": "https://registry.npmjs.org/@scalar/helpers/-/helpers-0.0.8.tgz",
      "integrity": "sha512-9A1CxL3jV7Kl9wGu86/cR/wiJN6J+3tK4WuW3252s2gF+upXsgQRx9WLhFF3xifOP1irIGusitZBiojiKmUSVg==",
      "license": "MIT",
      "engines": {
        "node": ">=20"
      }
    },
    "node_modules/@scalar/json-magic": {
      "version": "0.3.1",
      "resolved": "https://registry.npmjs.org/@scalar/json-magic/-/json-magic-0.3.1.tgz",
      "integrity": "sha512-vQvl4TckiMT8Txo6S82ETJ4OI+K6iSxLZsjPaq4cEqY+9zVfmIMALFGPj/X5BB8tU3FdluV2yEa8LswsMQ68IA==",
      "license": "MIT",
      "dependencies": {
        "@scalar/helpers": "0.0.8",
        "vue": "^3.5.17",
        "yaml": "2.8.0"
      },
      "engines": {
        "node": ">=20"
      }
    },
    "node_modules/@scalar/openapi-parser": {
      "version": "0.20.1",
      "resolved": "https://registry.npmjs.org/@scalar/openapi-parser/-/openapi-parser-0.20.1.tgz",
      "integrity": "sha512-rxtuBQ90YsUEDefWU3GAEmvjYr1CvGO6nkDVzbjmWv2aPB3mtK80bCRBgQGTdIdW5XQEWAAmflSKEhcj2Xo5QA==",
      "license": "MIT",
      "dependencies": {
        "@scalar/json-magic": "0.3.1",
        "@scalar/openapi-types": "0.3.7",
        "ajv": "^8.17.1",
        "ajv-draft-04": "^1.0.0",
        "ajv-formats": "^3.0.1",
        "jsonpointer": "^5.0.1",
        "leven": "^4.0.0",
        "yaml": "2.8.0"
      },
      "engines": {
        "node": ">=20"
      }
    },
    "node_modules/@scalar/openapi-types": {
      "version": "0.3.7",
      "resolved": "https://registry.npmjs.org/@scalar/openapi-types/-/openapi-types-0.3.7.tgz",
      "integrity": "sha512-QHSvHBVDze3+dUwAhIGq6l1iOev4jdoqdBK7QpfeN1Q4h+6qpVEw3EEqBiH0AXUSh/iWwObBv4uMgfIx0aNZ5g==",
      "license": "MIT",
      "dependencies": {
        "zod": "3.24.1"
      },
      "engines": {
        "node": ">=20"
      }
    },
    "node_modules/@sideway/address": {
      "version": "4.1.5",
      "resolved": "https://registry.npmjs.org/@sideway/address/-/address-4.1.5.tgz",
      "integrity": "sha512-IqO/DUQHUkPeixNQ8n0JA6102hT9CmaljNTPmQ1u8MEhBo/R4Q8eKLN/vGZxuebwOroDB4cbpjheD4+/sKFK4Q==",
      "dependencies": {
        "@hapi/hoek": "^9.0.0"
      }
    },
    "node_modules/@sideway/formula": {
      "version": "3.0.1",
      "resolved": "https://registry.npmjs.org/@sideway/formula/-/formula-3.0.1.tgz",
      "integrity": "sha512-/poHZJJVjx3L+zVD6g9KgHfYnb443oi7wLu/XKojDviHy6HOEOA6z1Trk5aR1dGcmPenJEgb2sK2I80LeS3MIg=="
    },
    "node_modules/@sideway/pinpoint": {
      "version": "2.0.0",
      "resolved": "https://registry.npmjs.org/@sideway/pinpoint/-/pinpoint-2.0.0.tgz",
      "integrity": "sha512-RNiOoTPkptFtSVzQevY/yWtZwf/RxyVnPy/OcA9HBM3MlGDnBEYL5B41H0MTn0Uec8Hi+2qUtTfG2WWZBmMejQ=="
    },
    "node_modules/@types/node": {
      "version": "24.0.1",
      "resolved": "https://registry.npmjs.org/@types/node/-/node-24.0.1.tgz",
      "integrity": "sha512-MX4Zioh39chHlDJbKmEgydJDS3tspMP/lnQC67G3SWsTnb9NeYVWOjkxpOSy4oMfPs4StcWHwBrvUb4ybfnuaw==",
      "dev": true,
      "dependencies": {
        "undici-types": "~7.8.0"
      }
    },
    "node_modules/@vue/compiler-core": {
      "version": "3.5.20",
      "resolved": "https://registry.npmjs.org/@vue/compiler-core/-/compiler-core-3.5.20.tgz",
      "integrity": "sha512-8TWXUyiqFd3GmP4JTX9hbiTFRwYHgVL/vr3cqhr4YQ258+9FADwvj7golk2sWNGHR67QgmCZ8gz80nQcMokhwg==",
      "license": "MIT",
      "dependencies": {
        "@babel/parser": "^7.28.3",
        "@vue/shared": "3.5.20",
        "entities": "^4.5.0",
        "estree-walker": "^2.0.2",
        "source-map-js": "^1.2.1"
      }
    },
    "node_modules/@vue/compiler-dom": {
      "version": "3.5.20",
      "resolved": "https://registry.npmjs.org/@vue/compiler-dom/-/compiler-dom-3.5.20.tgz",
      "integrity": "sha512-whB44M59XKjqUEYOMPYU0ijUV0G+4fdrHVKDe32abNdX/kJe1NUEMqsi4cwzXa9kyM9w5S8WqFsrfo1ogtBZGQ==",
      "license": "MIT",
      "dependencies": {
        "@vue/compiler-core": "3.5.20",
        "@vue/shared": "3.5.20"
      }
    },
    "node_modules/@vue/compiler-sfc": {
      "version": "3.5.20",
      "resolved": "https://registry.npmjs.org/@vue/compiler-sfc/-/compiler-sfc-3.5.20.tgz",
      "integrity": "sha512-SFcxapQc0/feWiSBfkGsa1v4DOrnMAQSYuvDMpEaxbpH5dKbnEM5KobSNSgU+1MbHCl+9ftm7oQWxvwDB6iBfw==",
      "license": "MIT",
      "dependencies": {
        "@babel/parser": "^7.28.3",
        "@vue/compiler-core": "3.5.20",
        "@vue/compiler-dom": "3.5.20",
        "@vue/compiler-ssr": "3.5.20",
        "@vue/shared": "3.5.20",
        "estree-walker": "^2.0.2",
        "magic-string": "^0.30.17",
        "postcss": "^8.5.6",
        "source-map-js": "^1.2.1"
      }
    },
    "node_modules/@vue/compiler-ssr": {
      "version": "3.5.20",
      "resolved": "https://registry.npmjs.org/@vue/compiler-ssr/-/compiler-ssr-3.5.20.tgz",
      "integrity": "sha512-RSl5XAMc5YFUXpDQi+UQDdVjH9FnEpLDHIALg5J0ITHxkEzJ8uQLlo7CIbjPYqmZtt6w0TsIPbo1izYXwDG7JA==",
      "license": "MIT",
      "dependencies": {
        "@vue/compiler-dom": "3.5.20",
        "@vue/shared": "3.5.20"
      }
    },
    "node_modules/@vue/reactivity": {
      "version": "3.5.20",
      "resolved": "https://registry.npmjs.org/@vue/reactivity/-/reactivity-3.5.20.tgz",
      "integrity": "sha512-hS8l8x4cl1fmZpSQX/NXlqWKARqEsNmfkwOIYqtR2F616NGfsLUm0G6FQBK6uDKUCVyi1YOL8Xmt/RkZcd/jYQ==",
      "license": "MIT",
      "dependencies": {
        "@vue/shared": "3.5.20"
      }
    },
    "node_modules/@vue/runtime-core": {
      "version": "3.5.20",
      "resolved": "https://registry.npmjs.org/@vue/runtime-core/-/runtime-core-3.5.20.tgz",
      "integrity": "sha512-vyQRiH5uSZlOa+4I/t4Qw/SsD/gbth0SW2J7oMeVlMFMAmsG1rwDD6ok0VMmjXY3eI0iHNSSOBilEDW98PLRKw==",
      "license": "MIT",
      "dependencies": {
        "@vue/reactivity": "3.5.20",
        "@vue/shared": "3.5.20"
      }
    },
    "node_modules/@vue/runtime-dom": {
      "version": "3.5.20",
      "resolved": "https://registry.npmjs.org/@vue/runtime-dom/-/runtime-dom-3.5.20.tgz",
      "integrity": "sha512-KBHzPld/Djw3im0CQ7tGCpgRedryIn4CcAl047EhFTCCPT2xFf4e8j6WeKLgEEoqPSl9TYqShc3Q6tpWpz/Xgw==",
      "license": "MIT",
      "dependencies": {
        "@vue/reactivity": "3.5.20",
        "@vue/runtime-core": "3.5.20",
        "@vue/shared": "3.5.20",
        "csstype": "^3.1.3"
      }
    },
    "node_modules/@vue/server-renderer": {
      "version": "3.5.20",
      "resolved": "https://registry.npmjs.org/@vue/server-renderer/-/server-renderer-3.5.20.tgz",
      "integrity": "sha512-HthAS0lZJDH21HFJBVNTtx+ULcIbJQRpjSVomVjfyPkFSpCwvsPTA+jIzOaUm3Hrqx36ozBHePztQFg6pj5aKg==",
      "license": "MIT",
      "dependencies": {
        "@vue/compiler-ssr": "3.5.20",
        "@vue/shared": "3.5.20"
      },
      "peerDependencies": {
        "vue": "3.5.20"
      }
    },
    "node_modules/@vue/shared": {
      "version": "3.5.20",
      "resolved": "https://registry.npmjs.org/@vue/shared/-/shared-3.5.20.tgz",
      "integrity": "sha512-SoRGP596KU/ig6TfgkCMbXkr4YJ91n/QSdMuqeP5r3hVIYA3CPHUBCc7Skak0EAKV+5lL4KyIh61VA/pK1CIAA==",
      "license": "MIT"
    },
    "node_modules/ajv": {
      "version": "8.17.1",
      "resolved": "https://registry.npmjs.org/ajv/-/ajv-8.17.1.tgz",
      "integrity": "sha512-B/gBuNg5SiMTrPkC+A2+cW0RszwxYmn6VYxB/inlBStS5nx6xHIt/ehKRhIMhqusl7a8LjQoZnjCs5vhwxOQ1g==",
      "license": "MIT",
      "dependencies": {
        "fast-deep-equal": "^3.1.3",
        "fast-uri": "^3.0.1",
        "json-schema-traverse": "^1.0.0",
        "require-from-string": "^2.0.2"
      },
      "funding": {
        "type": "github",
        "url": "https://github.com/sponsors/epoberezkin"
      }
    },
    "node_modules/ajv-draft-04": {
      "version": "1.0.0",
      "resolved": "https://registry.npmjs.org/ajv-draft-04/-/ajv-draft-04-1.0.0.tgz",
      "integrity": "sha512-mv00Te6nmYbRp5DCwclxtt7yV/joXJPGS7nM+97GdxvuttCOfgI3K4U25zboyeX0O+myI8ERluxQe5wljMmVIw==",
      "license": "MIT",
      "peerDependencies": {
        "ajv": "^8.5.0"
      },
      "peerDependenciesMeta": {
        "ajv": {
          "optional": true
        }
      }
    },
    "node_modules/ajv-formats": {
      "version": "3.0.1",
      "resolved": "https://registry.npmjs.org/ajv-formats/-/ajv-formats-3.0.1.tgz",
      "integrity": "sha512-8iUql50EUR+uUcdRQ3HDqa6EVyo3docL8g5WJ3FNcWmu62IbkGUue/pEyLBW8VGKKucTPgqeks4fIU1DA4yowQ==",
      "license": "MIT",
      "dependencies": {
        "ajv": "^8.0.0"
      },
      "peerDependencies": {
        "ajv": "^8.0.0"
      },
      "peerDependenciesMeta": {
        "ajv": {
          "optional": true
        }
      }
    },
    "node_modules/csstype": {
      "version": "3.1.3",
      "resolved": "https://registry.npmjs.org/csstype/-/csstype-3.1.3.tgz",
      "integrity": "sha512-M1uQkMl8rQK/szD0LNhtqxIPLpimGm8sOBwU7lLnCpSbTyY3yeU1Vc7l4KT5zT4s/yOxHH5O7tIuuLOCnLADRw==",
      "license": "MIT"
    },
    "node_modules/entities": {
      "version": "4.5.0",
      "resolved": "https://registry.npmjs.org/entities/-/entities-4.5.0.tgz",
      "integrity": "sha512-V0hjH4dGPh9Ao5p0MoRY6BVqtwCjhz6vI5LT8AJ55H+4g9/4vbHx1I54fS0XuclLhDHArPQCiMjDxjaL8fPxhw==",
      "license": "BSD-2-Clause",
      "engines": {
        "node": ">=0.12"
      },
      "funding": {
        "url": "https://github.com/fb55/entities?sponsor=1"
      }
    },
    "node_modules/estree-walker": {
      "version": "2.0.2",
      "resolved": "https://registry.npmjs.org/estree-walker/-/estree-walker-2.0.2.tgz",
      "integrity": "sha512-Rfkk/Mp/DL7JVje3u18FxFujQlTNR2q6QfMSMB7AvCBx91NGj/ba3kCfza0f6dVDbw7YlRf/nDrn7pQrCCyQ/w==",
      "license": "MIT"
    },
    "node_modules/fast-deep-equal": {
      "version": "3.1.3",
      "resolved": "https://registry.npmjs.org/fast-deep-equal/-/fast-deep-equal-3.1.3.tgz",
      "integrity": "sha512-f3qQ9oQy9j2AhBe/H9VC91wLmKBCCU/gDOnKNAYG5hswO7BLKj09Hc5HYNz9cGI++xlpDCIgDaitVs03ATR84Q==",
      "license": "MIT"
    },
    "node_modules/fast-uri": {
      "version": "3.1.0",
      "resolved": "https://registry.npmjs.org/fast-uri/-/fast-uri-3.1.0.tgz",
      "integrity": "sha512-iPeeDKJSWf4IEOasVVrknXpaBV0IApz/gp7S2bb7Z4Lljbl2MGJRqInZiUrQwV16cpzw/D3S5j5Julj/gT52AA==",
      "funding": [
        {
          "type": "github",
          "url": "https://github.com/sponsors/fastify"
        },
        {
          "type": "opencollective",
          "url": "https://opencollective.com/fastify"
        }
      ],
      "license": "BSD-3-Clause"
    },
    "node_modules/joi": {
      "version": "17.13.3",
      "resolved": "https://registry.npmjs.org/joi/-/joi-17.13.3.tgz",
      "integrity": "sha512-otDA4ldcIx+ZXsKHWmp0YizCweVRZG96J10b0FevjfuncLO1oX59THoAmHkNubYJ+9gWsYsp5k8v4ib6oDv1fA==",
      "dependencies": {
        "@hapi/hoek": "^9.3.0",
        "@hapi/topo": "^5.1.0",
        "@sideway/address": "^4.1.5",
        "@sideway/formula": "^3.0.1",
        "@sideway/pinpoint": "^2.0.0"
      }
    },
    "node_modules/json-schema-traverse": {
      "version": "1.0.0",
      "resolved": "https://registry.npmjs.org/json-schema-traverse/-/json-schema-traverse-1.0.0.tgz",
      "integrity": "sha512-NM8/P9n3XjXhIZn1lLhkFaACTOURQXjWhV4BA/RnOv8xvgqtqpAX9IO4mRQxSx1Rlo4tqzeqb0sOlruaOy3dug==",
      "license": "MIT"
    },
    "node_modules/jsonpointer": {
      "version": "5.0.1",
      "resolved": "https://registry.npmjs.org/jsonpointer/-/jsonpointer-5.0.1.tgz",
      "integrity": "sha512-p/nXbhSEcu3pZRdkW1OfJhpsVtW1gd4Wa1fnQc9YLiTfAjn0312eMKimbdIQzuZl9aa9xUGaRlP9T/CJE/ditQ==",
      "license": "MIT",
      "engines": {
        "node": ">=0.10.0"
      }
    },
    "node_modules/leven": {
      "version": "4.0.0",
      "resolved": "https://registry.npmjs.org/leven/-/leven-4.0.0.tgz",
      "integrity": "sha512-puehA3YKku3osqPlNuzGDUHq8WpwXupUg1V6NXdV38G+gr+gkBwFC8g1b/+YcIvp8gnqVIus+eJCH/eGsRmJNw==",
      "license": "MIT",
      "engines": {
        "node": "^12.20.0 || ^14.13.1 || >=16.0.0"
      },
      "funding": {
        "url": "https://github.com/sponsors/sindresorhus"
      }
    },
    "node_modules/magic-string": {
      "version": "0.30.18",
      "resolved": "https://registry.npmjs.org/magic-string/-/magic-string-0.30.18.tgz",
      "integrity": "sha512-yi8swmWbO17qHhwIBNeeZxTceJMeBvWJaId6dyvTSOwTipqeHhMhOrz6513r1sOKnpvQ7zkhlG8tPrpilwTxHQ==",
      "license": "MIT",
      "dependencies": {
        "@jridgewell/sourcemap-codec": "^1.5.5"
      }
    },
    "node_modules/nanoid": {
      "version": "3.3.11",
      "resolved": "https://registry.npmjs.org/nanoid/-/nanoid-3.3.11.tgz",
      "integrity": "sha512-N8SpfPUnUp1bK+PMYW8qSWdl9U+wwNWI4QKxOYDy9JAro3WMX7p2OeVRF9v+347pnakNevPmiHhNmZ2HbFA76w==",
      "funding": [
        {
          "type": "github",
          "url": "https://github.com/sponsors/ai"
        }
      ],
      "license": "MIT",
      "bin": {
        "nanoid": "bin/nanoid.cjs"
      },
      "engines": {
        "node": "^10 || ^12 || ^13.7 || ^14 || >=15.0.1"
      }
    },
    "node_modules/openapi-types": {
      "version": "12.1.3",
      "resolved": "https://registry.npmjs.org/openapi-types/-/openapi-types-12.1.3.tgz",
      "integrity": "sha512-N4YtSYJqghVu4iek2ZUvcN/0aqH1kRDuNqzcycDxhOUpg7GdvLa2F3DgS6yBNhInhv2r/6I0Flkn7CqL8+nIcw==",
      "dev": true,
      "license": "MIT"
    },
    "node_modules/picocolors": {
      "version": "1.1.1",
      "resolved": "https://registry.npmjs.org/picocolors/-/picocolors-1.1.1.tgz",
      "integrity": "sha512-xceH2snhtb5M9liqDsmEw56le376mTZkEX/jEb/RxNFyegNul7eNslCXP9FDj/Lcu0X8KEyMceP2ntpaHrDEVA==",
      "license": "ISC"
    },
    "node_modules/postcss": {
      "version": "8.5.6",
      "resolved": "https://registry.npmjs.org/postcss/-/postcss-8.5.6.tgz",
      "integrity": "sha512-3Ybi1tAuwAP9s0r1UQ2J4n5Y0G05bJkpUIO0/bI9MhwmD70S5aTWbXGBwxHrelT+XM1k6dM0pk+SwNkpTRN7Pg==",
      "funding": [
        {
          "type": "opencollective",
          "url": "https://opencollective.com/postcss/"
        },
        {
          "type": "tidelift",
          "url": "https://tidelift.com/funding/github/npm/postcss"
        },
        {
          "type": "github",
          "url": "https://github.com/sponsors/ai"
        }
      ],
      "license": "MIT",
      "dependencies": {
        "nanoid": "^3.3.11",
        "picocolors": "^1.1.1",
        "source-map-js": "^1.2.1"
      },
      "engines": {
        "node": "^10 || ^12 || >=14"
      }
    },
    "node_modules/require-from-string": {
      "version": "2.0.2",
      "resolved": "https://registry.npmjs.org/require-from-string/-/require-from-string-2.0.2.tgz",
      "integrity": "sha512-Xf0nWe6RseziFMu+Ap9biiUbmplq6S9/p+7w7YXP/JBHhrUDDUhwa+vANyubuqfZWTveU//DYVGsDG7RKL/vEw==",
      "license": "MIT",
      "engines": {
        "node": ">=0.10.0"
      }
    },
    "node_modules/source-map-js": {
      "version": "1.2.1",
      "resolved": "https://registry.npmjs.org/source-map-js/-/source-map-js-1.2.1.tgz",
      "integrity": "sha512-UXWMKhLOwVKb728IUtQPXxfYU+usdybtUrK/8uGE8CQMvrhOpwvzDBwj0QhSL7MQc7vIsISBG8VQ8+IDQxpfQA==",
      "license": "BSD-3-Clause",
      "engines": {
        "node": ">=0.10.0"
      }
    },
    "node_modules/tslib": {
      "version": "2.8.1",
      "resolved": "https://registry.npmjs.org/tslib/-/tslib-2.8.1.tgz",
      "integrity": "sha512-oJFu94HQb+KVduSUQL7wnpmqnfmLsOA/nAh6b6EH0wCEoK0/mPeXU6c3wKDV83MkOuHPRHtSXKKU99IBazS/2w=="
    },
    "node_modules/typescript": {
      "version": "5.8.3",
      "resolved": "https://registry.npmjs.org/typescript/-/typescript-5.8.3.tgz",
      "integrity": "sha512-p1diW6TqL9L07nNxvRMM7hMMw4c5XOo/1ibL4aAIGmSAt9slTE1Xgw5KWuof2uTOvCg9BY7ZRi+GaF+7sfgPeQ==",
      "devOptional": true,
      "bin": {
        "tsc": "bin/tsc",
        "tsserver": "bin/tsserver"
      },
      "engines": {
        "node": ">=14.17"
      }
    },
    "node_modules/undici-types": {
      "version": "7.8.0",
      "resolved": "https://registry.npmjs.org/undici-types/-/undici-types-7.8.0.tgz",
      "integrity": "sha512-9UJ2xGDvQ43tYyVMpuHlsgApydB8ZKfVYTsLDhXkFL/6gfkp+U8xTGdh8pMJv1SpZna0zxG1DwsKZsreLbXBxw==",
      "dev": true
    },
    "node_modules/vue": {
      "version": "3.5.20",
      "resolved": "https://registry.npmjs.org/vue/-/vue-3.5.20.tgz",
      "integrity": "sha512-2sBz0x/wis5TkF1XZ2vH25zWq3G1bFEPOfkBcx2ikowmphoQsPH6X0V3mmPCXA2K1N/XGTnifVyDQP4GfDDeQw==",
      "license": "MIT",
      "dependencies": {
        "@vue/compiler-dom": "3.5.20",
        "@vue/compiler-sfc": "3.5.20",
        "@vue/runtime-dom": "3.5.20",
        "@vue/server-renderer": "3.5.20",
        "@vue/shared": "3.5.20"
      },
      "peerDependencies": {
        "typescript": "*"
      },
      "peerDependenciesMeta": {
        "typescript": {
          "optional": true
        }
      }
    },
    "node_modules/yaml": {
      "version": "2.8.0",
      "resolved": "https://registry.npmjs.org/yaml/-/yaml-2.8.0.tgz",
      "integrity": "sha512-4lLa/EcQCB0cJkyts+FpIRx5G/llPxfP6VQU5KByHEhLxY3IJCH0f0Hy1MHI8sClTvsIb8qwRJ6R/ZdlDJ/leQ==",
      "license": "ISC",
      "bin": {
        "yaml": "bin.mjs"
      },
      "engines": {
        "node": ">= 14.6"
      }
    },
    "node_modules/zod": {
      "version": "3.24.1",
      "resolved": "https://registry.npmjs.org/zod/-/zod-3.24.1.tgz",
      "integrity": "sha512-muH7gBL9sI1nciMZV67X5fTKKBLtwpZ5VBp1vsOQzj1MhrBZ4wlVCm3gedKZWLp0Oyel8sIGfeiz54Su+OVT+A==",
      "license": "MIT",
      "funding": {
        "url": "https://github.com/sponsors/colinhacks"
      }
    }
  }
}
